<?xml version="1.0" encoding="utf-8"?>
<Project ToolsVersion="4.0" xmlns="http://schemas.microsoft.com/developer/msbuild/2003">
  <ItemGroup>
    <Filter Include="소스 파일">
      <UniqueIdentifier>{4FC737F1-C7A5-4376-A066-2A32D752A2FF}</UniqueIdentifier>
      <Extensions>cpp;c;cc;cxx;c++;cppm;ixx;def;odl;idl;hpj;bat;asm;asmx</Extensions>
    </Filter>
    <Filter Include="헤더 파일">
      <UniqueIdentifier>{93995380-89BD-4b04-88EB-625FBE52EBFB}</UniqueIdentifier>
      <Extensions>h;hh;hpp;hxx;h++;hm;inl;inc;ipp;xsd</Extensions>
    </Filter>
    <Filter Include="리소스 파일">
      <UniqueIdentifier>{67DA6AB6-F800-4c08-8B7A-83BB121AAD01}</UniqueIdentifier>
      <Extensions>rc;ico;cur;bmp;dlg;rc2;rct;bin;rgs;gif;jpg;jpeg;jpe;resx;tiff;tif;png;wav;mfcribbon-ms</Extensions>
    </Filter>
    <Filter Include="소스 파일\Animation">
      <UniqueIdentifier>{1d7cdbb4-7f0c-45ad-9370-3b4c1f431238}</UniqueIdentifier>
    </Filter>
    <Filter Include="소스 파일\AnimationFactory">
      <UniqueIdentifier>{002cb218-cf39-4f12-8d2b-b99af4d36985}</UniqueIdentifier>
    </Filter>
    <Filter Include="소스 파일\Animation\WeaponAnimation">
      <UniqueIdentifier>{7184f02c-e58f-4d07-9449-1b233a74b6ca}</UniqueIdentifier>
    </Filter>
  </ItemGroup>
  <ItemGroup>
    <ClCompile Include="Animation.cpp">
      <Filter>소스 파일\Animation</Filter>
    </ClCompile>
    <ClCompile Include="ShortSwordAnimation.cpp">
      <Filter>소스 파일\Animation\WeaponAnimation</Filter>
    </ClCompile>
    <ClCompile Include="LongSwordAnimation.cpp">
      <Filter>소스 파일\Animation\WeaponAnimation</Filter>
    </ClCompile>
    <ClCompile Include="AnimationFactory.cpp">
      <Filter>소스 파일\AnimationFactory</Filter>
    </ClCompile>
    <ClCompile Include="Abstract Factory.cpp">
      <Filter>소스 파일</Filter>
    </ClCompile>
    <ClCompile Include="LongSwordFactory.cpp">
      <Filter>소스 파일\AnimationFactory</Filter>
    </ClCompile>
    <ClCompile Include="ShortSwordFactory.cpp">
      <Filter>소스 파일\AnimationFactory</Filter>
    </ClCompile>
    <ClCompile Include="ShortSwordBothAnimation.cpp">
      <Filter>소스 파일\Animation\WeaponAnimation</Filter>
    </ClCompile>
    <ClCompile Include="LongSwordBothAnimation.cpp">
      <Filter>소스 파일\Animation\WeaponAnimation</Filter>
    </ClCompile>
  </ItemGroup>
  <ItemGroup>
    <ClInclude Include="Animation.h">
      <Filter>소스 파일\Animation</Filter>
    </ClInclude>
    <ClInclude Include="LongSwordAnimation.h">
      <Filter>소스 파일\Animation\WeaponAnimation</Filter>
    </ClInclude>
    <ClInclude Include="ShortSwordAnimation.h">
      <Filter>소스 파일\Animation\WeaponAnimation</Filter>
    </ClInclude>
    <ClInclude Include="AnimationFactory.h">
      <Filter>소스 파일\AnimationFactory</Filter>
    </ClInclude>
    <ClInclude Include="LongSwordFactory.h">
      <Filter>소스 파일\AnimationFactory</Filter>
    </ClInclude>
    <ClInclude Include="ShortSwordFactory.h">
      <Filter>소스 파일\AnimationFactory</Filter>
    </ClInclude>
    <ClInclude Include="ShortSwordBothAnimation.h">
      <Filter>소스 파일\Animation\WeaponAnimation</Filter>
    </ClInclude>
    <ClInclude Include="LongSwordBothAnimation.h">
      <Filter>소스 파일\Animation\WeaponAnimation</Filter>
    </ClInclude>
  </ItemGroup>
</Project>